# THIS IS AN AUTOGENERATED FILE. DO NOT EDIT THIS FILE DIRECTLY.
# yarn lockfile v1


dom7@^3.0.0:
  version "3.0.0"
  resolved "https://registry.yarnpkg.com/dom7/-/dom7-3.0.0.tgz#b861ce5d67a6becd7aaa3ad02942ff14b1240331"
  integrity sha512-oNlcUdHsC4zb7Msx7JN3K0Nro1dzJ48knvBOnDPKJ2GV9wl1i5vydJZUSyOfrkKFDZEud/jBsTk92S/VGSAe/g==
  dependencies:
    ssr-window "^3.0.0-alpha.1"

moment@^2.24.0:
  version "2.24.0"
  resolved "https://registry.npm.taobao.org/moment/download/moment-2.24.0.tgz?cache=0&other_urls=https%3A%2F%2Fregistry.npm.taobao.org%2Fmoment%2Fdownload%2Fmoment-2.24.0.tgz#0d055d53f5052aa653c9f6eb68bb5d12bf5c2b5b"
  integrity sha1-DQVdU/UFKqZTyfbraLtdEr9cK1s=

ssr-window@^3.0.0, ssr-window@^3.0.0-alpha.1:
  version "3.0.0"
  resolved "https://registry.yarnpkg.com/ssr-window/-/ssr-window-3.0.0.tgz#fd5b82801638943e0cc704c4691801435af7ac37"
  integrity sha512-q+8UfWDg9Itrg0yWK7oe5p/XRCJpJF9OBtXfOPgSJl+u3Xd5KI328RUEvUqSMVM9CiQUEf1QdBzJMkYGErj9QA==

swiper@^6.5.1:
  version "6.5.1"
  resolved "https://registry.yarnpkg.com/swiper/-/swiper-6.5.1.tgz#795630e45bbebb3b3b2945d55c22ffdcf5536c1b"
  integrity sha512-iuyg4cr+L7wo5EI0fWUuW+lT3BnNtVTYtInhUC5JImTr0i8jNranx8BPyN8AOSKa6jBYN+oaCzj8DAwGK+ngRg==
  dependencies:
    dom7 "^3.0.0"
    ssr-window "^3.0.0"

underscore@^1.9.2:
  version "1.9.2"
  resolved "https://registry.npm.taobao.org/underscore/download/underscore-1.9.2.tgz?cache=0&sync_timestamp=1578350986153&other_urls=https%3A%2F%2Fregistry.npm.taobao.org%2Funderscore%2Fdownload%2Funderscore-1.9.2.tgz#0c8d6f536d6f378a5af264a72f7bec50feb7cf2f"
  integrity sha1-DI1vU21vN4pa8mSnL3vsUP63zy8=
